
Microsoft Visual Studio Solution File, Format Version 12.00
# Visual Studio Version 17
VisualStudioVersion = 17.8.34322.80
MinimumVisualStudioVersion = 10.0.40219.1
Project("{FAE04EC0-301F-11D3-BF4B-00C04F79EFBC}") = "Ejercicio09", "Ejercicio09\Ejercicio09.csproj", "{5B7885FD-422B-4F58-8F50-807C356A524A}"
EndProject
Global
	GlobalSection(SolutionConfigurationPlatforms) = preSolution
		Debug|Any CPU = Debug|Any CPU
		Release|Any CPU = Release|Any CPU
	EndGlobalSection
	GlobalSection(ProjectConfigurationPlatforms) = postSolution
		{5B7885FD-422B-4F58-8F50-807C356A524A}.Debug|Any CPU.ActiveCfg = Debug|Any CPU
		{5B7885FD-422B-4F58-8F50-807C356A524A}.Debug|Any CPU.Build.0 = Debug|Any CPU
		{5B7885FD-422B-4F58-8F50-807C356A524A}.Release|Any CPU.ActiveCfg = Release|Any CPU
		{5B7885FD-422B-4F58-8F50-807C356A524A}.Release|Any CPU.Build.0 = Release|Any CPU
	EndGlobalSection
	GlobalSection(SolutionProperties) = preSolution
		HideSolutionNode = FALSE
	EndGlobalSection
	GlobalSection(ExtensibilityGlobals) = postSolution
		SolutionGuid = {87298F87-2647-4C07-9747-33D78D44078B}
	EndGlobalSection
EndGlobal
